PODS:
  - ADMozaicCollectionViewLayout (4.1.0)
  - Alamofire (4.8.2)
  - DropDown (2.3.13)
  - FAPanels (0.5.0)
  - Floaty (4.2.0)
  - FontAwesomeKit.Swift (0.4.3)
  - GoogleSignIn (4.4.0):
    - "GoogleToolboxForMac/NSDictionary+URLArguments (~> 2.1)"
    - "GoogleToolboxForMac/NSString+URLArguments (~> 2.1)"
    - GTMSessionFetcher/Core (~> 1.1)
  - GoogleToolboxForMac/DebugUtils (2.2.1):
    - GoogleToolboxForMac/Defines (= 2.2.1)
  - GoogleToolboxForMac/Defines (2.2.1)
  - "GoogleToolboxForMac/NSDictionary+URLArguments (2.2.1)":
    - GoogleToolboxForMac/DebugUtils (= 2.2.1)
    - GoogleToolboxForMac/Defines (= 2.2.1)
    - "GoogleToolboxForMac/NSString+URLArguments (= 2.2.1)"
  - "GoogleToolboxForMac/NSString+URLArguments (2.2.1)"
  - GTMSessionFetcher/Core (1.2.2)
  - PayUIndia-Custom-Browser (5.8.2)
  - PayUmoney_CoreSDK (3.7):
    - PayUIndia-Custom-Browser (~> 5.8.1)
  - PayUmoney_PnP (2.5.0):
    - PayUmoney_CoreSDK
  - SlideMenuControllerSwift (4.0.0)
  - SnapKit (3.2.0)
  - STRatingControl (1.1.2)
  - YNDropDownMenu (3.1.0)
  - YouTubePlayer (0.4.0)

DEPENDENCIES:
  - ADMozaicCollectionViewLayout
  - Alamofire (~> 4.4)
  - DropDown
  - FAPanels (~> 0.3)
  - Floaty
  - FontAwesomeKit.Swift (~> 0.4)
  - GoogleSignIn
  - PayUmoney_PnP
  - SlideMenuControllerSwift
  - SnapKit (~> 3.0)
  - STRatingControl
  - YNDropDownMenu
  - YouTubePlayer

SPEC REPOS:
  https://github.com/cocoapods/specs.git:
    - ADMozaicCollectionViewLayout
    - Alamofire
    - DropDown
    - FAPanels
    - Floaty
    - FontAwesomeKit.Swift
    - GoogleSignIn
    - GoogleToolboxForMac
    - GTMSessionFetcher
    - PayUIndia-Custom-Browser
    - PayUmoney_CoreSDK
    - PayUmoney_PnP
    - SlideMenuControllerSwift
    - SnapKit
    - STRatingControl
    - YNDropDownMenu
    - YouTubePlayer

SPEC CHECKSUMS:
  ADMozaicCollectionViewLayout: d2fd1885758c17ef7728c4602ba8ed665935667b
  Alamofire: ae5c501addb7afdbb13687d7f2f722c78734c2d3
  DropDown: 8a2116376c1981888557f72ec2ffc9a5e0e456ec
  FAPanels: def3b6e1e407ea1d1198d1acddc9d855d9e418ec
  Floaty: e2bd5a0f6f7f70899e26ff2da31081c8bee8d1b0
  FontAwesomeKit.Swift: a1ff696276568f92f5bdde75917744eb3989f45c
  GoogleSignIn: 7ff245e1a7b26d379099d3243a562f5747e23d39
  GoogleToolboxForMac: b3553629623a3b1bff17f555e736cd5a6d95ad55
  GTMSessionFetcher: 61bb0f61a4cb560030f1222021178008a5727a23
  PayUIndia-Custom-Browser: 39fa27d6a57806dcd2a38a9768bb110e60d8618a
  PayUmoney_CoreSDK: 9c270b1ba54ae49ec57a2cbddc9fcd97e1d398e8
  PayUmoney_PnP: d5ae7bf23e3e17c6fcd23e6763c2d78963eb318d
  SlideMenuControllerSwift: 021d6318201c53d4d4d3710517d43d6c556c7dd0
  SnapKit: 1ca44df72cfa543218d177cb8aab029d10d86ea7
  STRatingControl: 254ee5f6dd174e3fa9d8365a08326291fd0bd950
  YNDropDownMenu: 9c88e36c5f913bc614aaf0f3d0a7968f6251268b
  YouTubePlayer: 028451f6772f372d4759866db99824c676ac1473

PODFILE CHECKSUM: 77cc4b8f14409a912ec5e9953d63280936b96e7e

COCOAPODS: 1.6.2
